
Microsoft Visual Studio Solution File, Format Version 12.00
# Visual Studio 15
VisualStudioVersion = 15.0.28307.489
MinimumVisualStudioVersion = 10.0.40219.1
Project("{FAE04EC0-301F-11D3-BF4B-00C04F79EFBC}") = "ConsolaFiguraGeometroca", "ConsolaFiguraGeometroca\ConsolaFiguraGeometroca.csproj", "{B60117A5-4488-4A2C-A991-1163137E3600}"
EndProject
Global
	GlobalSection(SolutionConfigurationPlatforms) = preSolution
		Debug|Any CPU = Debug|Any CPU
		Release|Any CPU = Release|Any CPU
	EndGlobalSection
	GlobalSection(ProjectConfigurationPlatforms) = postSolution
		{B60117A5-4488-4A2C-A991-1163137E3600}.Debug|Any CPU.ActiveCfg = Debug|Any CPU
		{B60117A5-4488-4A2C-A991-1163137E3600}.Debug|Any CPU.Build.0 = Debug|Any CPU
		{B60117A5-4488-4A2C-A991-1163137E3600}.Release|Any CPU.ActiveCfg = Release|Any CPU
		{B60117A5-4488-4A2C-A991-1163137E3600}.Release|Any CPU.Build.0 = Release|Any CPU
	EndGlobalSection
	GlobalSection(SolutionProperties) = preSolution
		HideSolutionNode = FALSE
	EndGlobalSection
	GlobalSection(ExtensibilityGlobals) = postSolution
		SolutionGuid = {D4060F10-E73D-4F54-B081-3D64DA6E8C68}
	EndGlobalSection
EndGlobal
